// !$*UTF8*$!
{
	archiveVersion = 1;
	classes = {
	};
	objectVersion = 56;
	objects = {

/* Begin PBXBuildFile section */
		BF12034A2A4368EC00A54351 /* ShootingEnemy.swift in Sources */ = {isa = PBXBuildFile; fileRef = BF1203492A4368EC00A54351 /* ShootingEnemy.swift */; };
		BF12034C2A436A5800A54351 /* Enemy.swift in Sources */ = {isa = PBXBuildFile; fileRef = BF12034B2A436A5800A54351 /* Enemy.swift */; };
		BF85CA102A3822AB00AC95E8 /* Player.swift in Sources */ = {isa = PBXBuildFile; fileRef = BF85CA0F2A3822AB00AC95E8 /* Player.swift */; };
		BF85CA162A38285700AC95E8 /* CGPointExtension.swift in Sources */ = {isa = PBXBuildFile; fileRef = BF85CA152A38285700AC95E8 /* CGPointExtension.swift */; };
		BF9500532A392A6800E2B780 /* InputManager.swift in Sources */ = {isa = PBXBuildFile; fileRef = BF9500512A392A6800E2B780 /* InputManager.swift */; };
		BF9500552A3983F700E2B780 /* Weapon.swift in Sources */ = {isa = PBXBuildFile; fileRef = BF9500542A3983F700E2B780 /* Weapon.swift */; };
		BF9500572A3AABAD00E2B780 /* Bullet.swift in Sources */ = {isa = PBXBuildFile; fileRef = BF9500562A3AABAD00E2B780 /* Bullet.swift */; };
		BF95005A2A3BA77300E2B780 /* Event.swift in Sources */ = {isa = PBXBuildFile; fileRef = BF9500592A3BA77300E2B780 /* Event.swift */; };
		BFCA4F152A3D77570013DA14 /* CGFloatExtension.swift in Sources */ = {isa = PBXBuildFile; fileRef = BFCA4F142A3D77570013DA14 /* CGFloatExtension.swift */; };
		BFCA4F172A3F25B00013DA14 /* ContactDelegate.swift in Sources */ = {isa = PBXBuildFile; fileRef = BFCA4F162A3F25B00013DA14 /* ContactDelegate.swift */; };
		BFCA4F262A428F3E0013DA14 /* Ingredient.swift in Sources */ = {isa = PBXBuildFile; fileRef = BFCA4F222A428F3E0013DA14 /* Ingredient.swift */; };
		BFCA4F282A428F3E0013DA14 /* WalkingEnemy.swift in Sources */ = {isa = PBXBuildFile; fileRef = BFCA4F242A428F3E0013DA14 /* WalkingEnemy.swift */; };
		BFFA89432A4382CF00A2207B /* EnemyBullet.swift in Sources */ = {isa = PBXBuildFile; fileRef = BFFA89422A4382CF00A2207B /* EnemyBullet.swift */; };
		BFFA89452A438D8300A2207B /* Processable.swift in Sources */ = {isa = PBXBuildFile; fileRef = BFFA89442A438D8300A2207B /* Processable.swift */; };
		BFFA89472A4399E600A2207B /* SKNodeExtension.swift in Sources */ = {isa = PBXBuildFile; fileRef = BFFA89462A4399E600A2207B /* SKNodeExtension.swift */; };
		F14C59312A373D83000F3D22 /* AppDelegate.swift in Sources */ = {isa = PBXBuildFile; fileRef = F14C59302A373D83000F3D22 /* AppDelegate.swift */; };
		F14C59332A373D83000F3D22 /* GameScene.sks in Resources */ = {isa = PBXBuildFile; fileRef = F14C59322A373D83000F3D22 /* GameScene.sks */; };
		F14C59372A373D83000F3D22 /* GameScene.swift in Sources */ = {isa = PBXBuildFile; fileRef = F14C59362A373D83000F3D22 /* GameScene.swift */; };
		F14C59392A373D83000F3D22 /* GameViewController.swift in Sources */ = {isa = PBXBuildFile; fileRef = F14C59382A373D83000F3D22 /* GameViewController.swift */; };
		F14C593B2A373D84000F3D22 /* Assets.xcassets in Resources */ = {isa = PBXBuildFile; fileRef = F14C593A2A373D84000F3D22 /* Assets.xcassets */; };
		F14C593E2A373D84000F3D22 /* Main.storyboard in Resources */ = {isa = PBXBuildFile; fileRef = F14C593C2A373D84000F3D22 /* Main.storyboard */; };
/* End PBXBuildFile section */

/* Begin PBXContainerItemProxy section */
		F14C59452A373D84000F3D22 /* PBXContainerItemProxy */ = {
			isa = PBXContainerItemProxy;
			containerPortal = F14C59252A373D83000F3D22 /* Project object */;
			proxyType = 1;
			remoteGlobalIDString = F14C592C2A373D83000F3D22;
			remoteInfo = mc2;
		};
		F14C594F2A373D84000F3D22 /* PBXContainerItemProxy */ = {
			isa = PBXContainerItemProxy;
			containerPortal = F14C59252A373D83000F3D22 /* Project object */;
			proxyType = 1;
			remoteGlobalIDString = F14C592C2A373D83000F3D22;
			remoteInfo = mc2;
		};
/* End PBXContainerItemProxy section */

/* Begin PBXFileReference section */
		BF1203492A4368EC00A54351 /* ShootingEnemy.swift */ = {isa = PBXFileReference; fileEncoding = 4; lastKnownFileType = sourcecode.swift; path = ShootingEnemy.swift; sourceTree = "<group>"; };
		BF12034B2A436A5800A54351 /* Enemy.swift */ = {isa = PBXFileReference; lastKnownFileType = sourcecode.swift; path = Enemy.swift; sourceTree = "<group>"; };
		BF85CA0F2A3822AB00AC95E8 /* Player.swift */ = {isa = PBXFileReference; lastKnownFileType = sourcecode.swift; path = Player.swift; sourceTree = "<group>"; };
		BF85CA152A38285700AC95E8 /* CGPointExtension.swift */ = {isa = PBXFileReference; lastKnownFileType = sourcecode.swift; path = CGPointExtension.swift; sourceTree = "<group>"; };
		BF9500512A392A6800E2B780 /* InputManager.swift */ = {isa = PBXFileReference; fileEncoding = 4; lastKnownFileType = sourcecode.swift; path = InputManager.swift; sourceTree = "<group>"; };
		BF9500542A3983F700E2B780 /* Weapon.swift */ = {isa = PBXFileReference; lastKnownFileType = sourcecode.swift; path = Weapon.swift; sourceTree = "<group>"; };
		BF9500562A3AABAD00E2B780 /* Bullet.swift */ = {isa = PBXFileReference; lastKnownFileType = sourcecode.swift; path = Bullet.swift; sourceTree = "<group>"; };
		BF9500592A3BA77300E2B780 /* Event.swift */ = {isa = PBXFileReference; lastKnownFileType = sourcecode.swift; path = Event.swift; sourceTree = "<group>"; };
		BFCA4F142A3D77570013DA14 /* CGFloatExtension.swift */ = {isa = PBXFileReference; lastKnownFileType = sourcecode.swift; path = CGFloatExtension.swift; sourceTree = "<group>"; };
		BFCA4F162A3F25B00013DA14 /* ContactDelegate.swift */ = {isa = PBXFileReference; lastKnownFileType = sourcecode.swift; path = ContactDelegate.swift; sourceTree = "<group>"; };
		BFCA4F222A428F3E0013DA14 /* Ingredient.swift */ = {isa = PBXFileReference; fileEncoding = 4; lastKnownFileType = sourcecode.swift; path = Ingredient.swift; sourceTree = "<group>"; };
		BFCA4F242A428F3E0013DA14 /* WalkingEnemy.swift */ = {isa = PBXFileReference; fileEncoding = 4; lastKnownFileType = sourcecode.swift; path = WalkingEnemy.swift; sourceTree = "<group>"; };
		BFFA89422A4382CF00A2207B /* EnemyBullet.swift */ = {isa = PBXFileReference; lastKnownFileType = sourcecode.swift; path = EnemyBullet.swift; sourceTree = "<group>"; };
		BFFA89442A438D8300A2207B /* Processable.swift */ = {isa = PBXFileReference; lastKnownFileType = sourcecode.swift; path = Processable.swift; sourceTree = "<group>"; };
		BFFA89462A4399E600A2207B /* SKNodeExtension.swift */ = {isa = PBXFileReference; lastKnownFileType = sourcecode.swift; path = SKNodeExtension.swift; sourceTree = "<group>"; };
		F14C592D2A373D83000F3D22 /* mc2.app */ = {isa = PBXFileReference; explicitFileType = wrapper.application; includeInIndex = 0; path = mc2.app; sourceTree = BUILT_PRODUCTS_DIR; };
		F14C59302A373D83000F3D22 /* AppDelegate.swift */ = {isa = PBXFileReference; lastKnownFileType = sourcecode.swift; path = AppDelegate.swift; sourceTree = "<group>"; };
		F14C59322A373D83000F3D22 /* GameScene.sks */ = {isa = PBXFileReference; lastKnownFileType = file.sks; path = GameScene.sks; sourceTree = "<group>"; };
		F14C59362A373D83000F3D22 /* GameScene.swift */ = {isa = PBXFileReference; lastKnownFileType = sourcecode.swift; path = GameScene.swift; sourceTree = "<group>"; };
		F14C59382A373D83000F3D22 /* GameViewController.swift */ = {isa = PBXFileReference; lastKnownFileType = sourcecode.swift; path = GameViewController.swift; sourceTree = "<group>"; };
		F14C593A2A373D84000F3D22 /* Assets.xcassets */ = {isa = PBXFileReference; lastKnownFileType = folder.assetcatalog; path = Assets.xcassets; sourceTree = "<group>"; };
		F14C593D2A373D84000F3D22 /* Base */ = {isa = PBXFileReference; lastKnownFileType = file.storyboard; name = Base; path = Base.lproj/Main.storyboard; sourceTree = "<group>"; };
		F14C593F2A373D84000F3D22 /* mc2.entitlements */ = {isa = PBXFileReference; lastKnownFileType = text.plist.entitlements; path = mc2.entitlements; sourceTree = "<group>"; };
		F14C59442A373D84000F3D22 /* mc2Tests.xctest */ = {isa = PBXFileReference; explicitFileType = wrapper.cfbundle; includeInIndex = 0; path = mc2Tests.xctest; sourceTree = BUILT_PRODUCTS_DIR; };
		F14C594E2A373D84000F3D22 /* mc2UITests.xctest */ = {isa = PBXFileReference; explicitFileType = wrapper.cfbundle; includeInIndex = 0; path = mc2UITests.xctest; sourceTree = BUILT_PRODUCTS_DIR; };
/* End PBXFileReference section */

/* Begin PBXFrameworksBuildPhase section */
		F14C592A2A373D83000F3D22 /* Frameworks */ = {
			isa = PBXFrameworksBuildPhase;
			buildActionMask = 2147483647;
			files = (
			);
			runOnlyForDeploymentPostprocessing = 0;
		};
		F14C59412A373D84000F3D22 /* Frameworks */ = {
			isa = PBXFrameworksBuildPhase;
			buildActionMask = 2147483647;
			files = (
			);
			runOnlyForDeploymentPostprocessing = 0;
		};
		F14C594B2A373D84000F3D22 /* Frameworks */ = {
			isa = PBXFrameworksBuildPhase;
			buildActionMask = 2147483647;
			files = (
			);
			runOnlyForDeploymentPostprocessing = 0;
		};
/* End PBXFrameworksBuildPhase section */

/* Begin PBXGroup section */
		BF08BA5E2A3BBE1800C4DCC5 /* Managers */ = {
			isa = PBXGroup;
			children = (
				BF9500512A392A6800E2B780 /* InputManager.swift */,
			);
			path = Managers;
			sourceTree = "<group>";
		};
		BF85CA112A38234900AC95E8 /* ViewController */ = {
			isa = PBXGroup;
			children = (
				F14C593C2A373D84000F3D22 /* Main.storyboard */,
				F14C59382A373D83000F3D22 /* GameViewController.swift */,
			);
			path = ViewController;
			sourceTree = "<group>";
		};
		BF85CA122A38237400AC95E8 /* Setup */ = {
			isa = PBXGroup;
			children = (
				F14C59302A373D83000F3D22 /* AppDelegate.swift */,
			);
			path = Setup;
			sourceTree = "<group>";
		};
		BF85CA142A38239F00AC95E8 /* GameScene */ = {
			isa = PBXGroup;
			children = (
				F14C59322A373D83000F3D22 /* GameScene.sks */,
				F14C59362A373D83000F3D22 /* GameScene.swift */,
				BFCA4F162A3F25B00013DA14 /* ContactDelegate.swift */,
			);
			path = GameScene;
			sourceTree = "<group>";
		};
		BF9500582A3BA71400E2B780 /* Utils */ = {
			isa = PBXGroup;
			children = (
				BF85CA152A38285700AC95E8 /* CGPointExtension.swift */,
				BFCA4F142A3D77570013DA14 /* CGFloatExtension.swift */,
				BF9500592A3BA77300E2B780 /* Event.swift */,
				BFFA89462A4399E600A2207B /* SKNodeExtension.swift */,
			);
			path = Utils;
			sourceTree = "<group>";
		};
		BFCA4F182A3F28910013DA14 /* Nodes */ = {
			isa = PBXGroup;
			children = (
				BF85CA0F2A3822AB00AC95E8 /* Player.swift */,
				BF9500542A3983F700E2B780 /* Weapon.swift */,
				BF9500562A3AABAD00E2B780 /* Bullet.swift */,
				BFFA89422A4382CF00A2207B /* EnemyBullet.swift */,
				BF12034B2A436A5800A54351 /* Enemy.swift */,
				BFCA4F242A428F3E0013DA14 /* WalkingEnemy.swift */,
				BF1203492A4368EC00A54351 /* ShootingEnemy.swift */,
				BFCA4F222A428F3E0013DA14 /* Ingredient.swift */,
				BFFA89442A438D8300A2207B /* Processable.swift */,
			);
			path = Nodes;
			sourceTree = "<group>";
		};
		F14C59242A373D83000F3D22 = {
			isa = PBXGroup;
			children = (
				F14C592F2A373D83000F3D22 /* mc2 */,
				F14C592E2A373D83000F3D22 /* Products */,
			);
			sourceTree = "<group>";
		};
		F14C592E2A373D83000F3D22 /* Products */ = {
			isa = PBXGroup;
			children = (
				F14C592D2A373D83000F3D22 /* mc2.app */,
				F14C59442A373D84000F3D22 /* mc2Tests.xctest */,
				F14C594E2A373D84000F3D22 /* mc2UITests.xctest */,
			);
			name = Products;
			sourceTree = "<group>";
		};
		F14C592F2A373D83000F3D22 /* mc2 */ = {
			isa = PBXGroup;
			children = (
				BF85CA122A38237400AC95E8 /* Setup */,
				BF85CA142A38239F00AC95E8 /* GameScene */,
				BFCA4F182A3F28910013DA14 /* Nodes */,
				BF08BA5E2A3BBE1800C4DCC5 /* Managers */,
				BF9500582A3BA71400E2B780 /* Utils */,
				BF85CA112A38234900AC95E8 /* ViewController */,
				F14C593A2A373D84000F3D22 /* Assets.xcassets */,
				F14C593F2A373D84000F3D22 /* mc2.entitlements */,
			);
			path = mc2;
			sourceTree = "<group>";
		};
/* End PBXGroup section */

/* Begin PBXNativeTarget section */
		F14C592C2A373D83000F3D22 /* mc2 */ = {
			isa = PBXNativeTarget;
			buildConfigurationList = F14C59582A373D84000F3D22 /* Build configuration list for PBXNativeTarget "mc2" */;
			buildPhases = (
				F14C59292A373D83000F3D22 /* Sources */,
				F14C592A2A373D83000F3D22 /* Frameworks */,
				F14C592B2A373D83000F3D22 /* Resources */,
			);
			buildRules = (
			);
			dependencies = (
			);
			name = mc2;
			productName = mc2;
			productReference = F14C592D2A373D83000F3D22 /* mc2.app */;
			productType = "com.apple.product-type.application";
		};
		F14C59432A373D84000F3D22 /* mc2Tests */ = {
			isa = PBXNativeTarget;
			buildConfigurationList = F14C595B2A373D84000F3D22 /* Build configuration list for PBXNativeTarget "mc2Tests" */;
			buildPhases = (
				F14C59402A373D84000F3D22 /* Sources */,
				F14C59412A373D84000F3D22 /* Frameworks */,
				F14C59422A373D84000F3D22 /* Resources */,
			);
			buildRules = (
			);
			dependencies = (
				F14C59462A373D84000F3D22 /* PBXTargetDependency */,
			);
			name = mc2Tests;
			productName = mc2Tests;
			productReference = F14C59442A373D84000F3D22 /* mc2Tests.xctest */;
			productType = "com.apple.product-type.bundle.unit-test";
		};
		F14C594D2A373D84000F3D22 /* mc2UITests */ = {
			isa = PBXNativeTarget;
			buildConfigurationList = F14C595E2A373D84000F3D22 /* Build configuration list for PBXNativeTarget "mc2UITests" */;
			buildPhases = (
				F14C594A2A373D84000F3D22 /* Sources */,
				F14C594B2A373D84000F3D22 /* Frameworks */,
				F14C594C2A373D84000F3D22 /* Resources */,
			);
			buildRules = (
			);
			dependencies = (
				F14C59502A373D84000F3D22 /* PBXTargetDependency */,
			);
			name = mc2UITests;
			productName = mc2UITests;
			productReference = F14C594E2A373D84000F3D22 /* mc2UITests.xctest */;
			productType = "com.apple.product-type.bundle.ui-testing";
		};
/* End PBXNativeTarget section */

/* Begin PBXProject section */
		F14C59252A373D83000F3D22 /* Project object */ = {
			isa = PBXProject;
			attributes = {
				BuildIndependentTargetsInParallel = 1;
				LastSwiftUpdateCheck = 1430;
				LastUpgradeCheck = 1430;
				TargetAttributes = {
					F14C592C2A373D83000F3D22 = {
						CreatedOnToolsVersion = 14.3;
					};
					F14C59432A373D84000F3D22 = {
						CreatedOnToolsVersion = 14.3;
						TestTargetID = F14C592C2A373D83000F3D22;
					};
					F14C594D2A373D84000F3D22 = {
						CreatedOnToolsVersion = 14.3;
						TestTargetID = F14C592C2A373D83000F3D22;
					};
				};
			};
			buildConfigurationList = F14C59282A373D83000F3D22 /* Build configuration list for PBXProject "mc2" */;
			compatibilityVersion = "Xcode 14.0";
			developmentRegion = en;
			hasScannedForEncodings = 0;
			knownRegions = (
				en,
				Base,
			);
			mainGroup = F14C59242A373D83000F3D22;
			productRefGroup = F14C592E2A373D83000F3D22 /* Products */;
			projectDirPath = "";
			projectRoot = "";
			targets = (
				F14C592C2A373D83000F3D22 /* mc2 */,
				F14C59432A373D84000F3D22 /* mc2Tests */,
				F14C594D2A373D84000F3D22 /* mc2UITests */,
			);
		};
/* End PBXProject section */

/* Begin PBXResourcesBuildPhase section */
		F14C592B2A373D83000F3D22 /* Resources */ = {
			isa = PBXResourcesBuildPhase;
			buildActionMask = 2147483647;
			files = (
				F14C59332A373D83000F3D22 /* GameScene.sks in Resources */,
				F14C593B2A373D84000F3D22 /* Assets.xcassets in Resources */,
				F14C593E2A373D84000F3D22 /* Main.storyboard in Resources */,
			);
			runOnlyForDeploymentPostprocessing = 0;
		};
		F14C59422A373D84000F3D22 /* Resources */ = {
			isa = PBXResourcesBuildPhase;
			buildActionMask = 2147483647;
			files = (
			);
			runOnlyForDeploymentPostprocessing = 0;
		};
		F14C594C2A373D84000F3D22 /* Resources */ = {
			isa = PBXResourcesBuildPhase;
			buildActionMask = 2147483647;
			files = (
			);
			runOnlyForDeploymentPostprocessing = 0;
		};
/* End PBXResourcesBuildPhase section */

/* Begin PBXSourcesBuildPhase section */
		F14C59292A373D83000F3D22 /* Sources */ = {
			isa = PBXSourcesBuildPhase;
			buildActionMask = 2147483647;
			files = (
				BFCA4F262A428F3E0013DA14 /* Ingredient.swift in Sources */,
				BF85CA102A3822AB00AC95E8 /* Player.swift in Sources */,
				BFFA89432A4382CF00A2207B /* EnemyBullet.swift in Sources */,
				BFFA89472A4399E600A2207B /* SKNodeExtension.swift in Sources */,
				BFFA89452A438D8300A2207B /* Processable.swift in Sources */,
				BF12034A2A4368EC00A54351 /* ShootingEnemy.swift in Sources */,
				F14C59392A373D83000F3D22 /* GameViewController.swift in Sources */,
				BFCA4F172A3F25B00013DA14 /* ContactDelegate.swift in Sources */,
				BFCA4F282A428F3E0013DA14 /* WalkingEnemy.swift in Sources */,
				BF9500532A392A6800E2B780 /* InputManager.swift in Sources */,
				BF9500552A3983F700E2B780 /* Weapon.swift in Sources */,
				F14C59372A373D83000F3D22 /* GameScene.swift in Sources */,
				BF85CA162A38285700AC95E8 /* CGPointExtension.swift in Sources */,
				BFCA4F152A3D77570013DA14 /* CGFloatExtension.swift in Sources */,
				BF12034C2A436A5800A54351 /* Enemy.swift in Sources */,
				F14C59312A373D83000F3D22 /* AppDelegate.swift in Sources */,
				BF9500572A3AABAD00E2B780 /* Bullet.swift in Sources */,
				BF95005A2A3BA77300E2B780 /* Event.swift in Sources */,
			);
			runOnlyForDeploymentPostprocessing = 0;
		};
		F14C59402A373D84000F3D22 /* Sources */ = {
			isa = PBXSourcesBuildPhase;
			buildActionMask = 2147483647;
			files = (
			);
			runOnlyForDeploymentPostprocessing = 0;
		};
		F14C594A2A373D84000F3D22 /* Sources */ = {
			isa = PBXSourcesBuildPhase;
			buildActionMask = 2147483647;
			files = (
			);
			runOnlyForDeploymentPostprocessing = 0;
		};
/* End PBXSourcesBuildPhase section */

/* Begin PBXTargetDependency section */
		F14C59462A373D84000F3D22 /* PBXTargetDependency */ = {
			isa = PBXTargetDependency;
			target = F14C592C2A373D83000F3D22 /* mc2 */;
			targetProxy = F14C59452A373D84000F3D22 /* PBXContainerItemProxy */;
		};
		F14C59502A373D84000F3D22 /* PBXTargetDependency */ = {
			isa = PBXTargetDependency;
			target = F14C592C2A373D83000F3D22 /* mc2 */;
			targetProxy = F14C594F2A373D84000F3D22 /* PBXContainerItemProxy */;
		};
/* End PBXTargetDependency section */

/* Begin PBXVariantGroup section */
		F14C593C2A373D84000F3D22 /* Main.storyboard */ = {
			isa = PBXVariantGroup;
			children = (
				F14C593D2A373D84000F3D22 /* Base */,
			);
			name = Main.storyboard;
			sourceTree = "<group>";
		};
/* End PBXVariantGroup section */

/* Begin XCBuildConfiguration section */
		F14C59562A373D84000F3D22 /* Debug */ = {
			isa = XCBuildConfiguration;
			buildSettings = {
				ALWAYS_SEARCH_USER_PATHS = NO;
				CLANG_ANALYZER_NONNULL = YES;
				CLANG_ANALYZER_NUMBER_OBJECT_CONVERSION = YES_AGGRESSIVE;
				CLANG_CXX_LANGUAGE_STANDARD = "gnu++20";
				CLANG_ENABLE_MODULES = YES;
				CLANG_ENABLE_OBJC_ARC = YES;
				CLANG_ENABLE_OBJC_WEAK = YES;
				CLANG_WARN_BLOCK_CAPTURE_AUTORELEASING = YES;
				CLANG_WARN_BOOL_CONVERSION = YES;
				CLANG_WARN_COMMA = YES;
				CLANG_WARN_CONSTANT_CONVERSION = YES;
				CLANG_WARN_DEPRECATED_OBJC_IMPLEMENTATIONS = YES;
				CLANG_WARN_DIRECT_OBJC_ISA_USAGE = YES_ERROR;
				CLANG_WARN_DOCUMENTATION_COMMENTS = YES;
				CLANG_WARN_EMPTY_BODY = YES;
				CLANG_WARN_ENUM_CONVERSION = YES;
				CLANG_WARN_INFINITE_RECURSION = YES;
				CLANG_WARN_INT_CONVERSION = YES;
				CLANG_WARN_NON_LITERAL_NULL_CONVERSION = YES;
				CLANG_WARN_OBJC_IMPLICIT_RETAIN_SELF = YES;
				CLANG_WARN_OBJC_LITERAL_CONVERSION = YES;
				CLANG_WARN_OBJC_ROOT_CLASS = YES_ERROR;
				CLANG_WARN_QUOTED_INCLUDE_IN_FRAMEWORK_HEADER = YES;
				CLANG_WARN_RANGE_LOOP_ANALYSIS = YES;
				CLANG_WARN_STRICT_PROTOTYPES = YES;
				CLANG_WARN_SUSPICIOUS_MOVE = YES;
				CLANG_WARN_UNGUARDED_AVAILABILITY = YES_AGGRESSIVE;
				CLANG_WARN_UNREACHABLE_CODE = YES;
				CLANG_WARN__DUPLICATE_METHOD_MATCH = YES;
				COPY_PHASE_STRIP = NO;
				DEBUG_INFORMATION_FORMAT = dwarf;
				ENABLE_STRICT_OBJC_MSGSEND = YES;
				ENABLE_TESTABILITY = YES;
				GCC_C_LANGUAGE_STANDARD = gnu11;
				GCC_DYNAMIC_NO_PIC = NO;
				GCC_NO_COMMON_BLOCKS = YES;
				GCC_OPTIMIZATION_LEVEL = 0;
				GCC_PREPROCESSOR_DEFINITIONS = (
					"DEBUG=1",
					"$(inherited)",
				);
				GCC_WARN_64_TO_32_BIT_CONVERSION = YES;
				GCC_WARN_ABOUT_RETURN_TYPE = YES_ERROR;
				GCC_WARN_UNDECLARED_SELECTOR = YES;
				GCC_WARN_UNINITIALIZED_AUTOS = YES_AGGRESSIVE;
				GCC_WARN_UNUSED_FUNCTION = YES;
				GCC_WARN_UNUSED_VARIABLE = YES;
				MACOSX_DEPLOYMENT_TARGET = 13.0;
				MTL_ENABLE_DEBUG_INFO = INCLUDE_SOURCE;
				MTL_FAST_MATH = YES;
				ONLY_ACTIVE_ARCH = YES;
				SDKROOT = macosx;
				SWIFT_ACTIVE_COMPILATION_CONDITIONS = DEBUG;
				SWIFT_OPTIMIZATION_LEVEL = "-Onone";
			};
			name = Debug;
		};
		F14C59572A373D84000F3D22 /* Release */ = {
			isa = XCBuildConfiguration;
			buildSettings = {
				ALWAYS_SEARCH_USER_PATHS = NO;
				CLANG_ANALYZER_NONNULL = YES;
				CLANG_ANALYZER_NUMBER_OBJECT_CONVERSION = YES_AGGRESSIVE;
				CLANG_CXX_LANGUAGE_STANDARD = "gnu++20";
				CLANG_ENABLE_MODULES = YES;
				CLANG_ENABLE_OBJC_ARC = YES;
				CLANG_ENABLE_OBJC_WEAK = YES;
				CLANG_WARN_BLOCK_CAPTURE_AUTORELEASING = YES;
				CLANG_WARN_BOOL_CONVERSION = YES;
				CLANG_WARN_COMMA = YES;
				CLANG_WARN_CONSTANT_CONVERSION = YES;
				CLANG_WARN_DEPRECATED_OBJC_IMPLEMENTATIONS = YES;
				CLANG_WARN_DIRECT_OBJC_ISA_USAGE = YES_ERROR;
				CLANG_WARN_DOCUMENTATION_COMMENTS = YES;
				CLANG_WARN_EMPTY_BODY = YES;
				CLANG_WARN_ENUM_CONVERSION = YES;
				CLANG_WARN_INFINITE_RECURSION = YES;
				CLANG_WARN_INT_CONVERSION = YES;
				CLANG_WARN_NON_LITERAL_NULL_CONVERSION = YES;
				CLANG_WARN_OBJC_IMPLICIT_RETAIN_SELF = YES;
				CLANG_WARN_OBJC_LITERAL_CONVERSION = YES;
				CLANG_WARN_OBJC_ROOT_CLASS = YES_ERROR;
				CLANG_WARN_QUOTED_INCLUDE_IN_FRAMEWORK_HEADER = YES;
				CLANG_WARN_RANGE_LOOP_ANALYSIS = YES;
				CLANG_WARN_STRICT_PROTOTYPES = YES;
				CLANG_WARN_SUSPICIOUS_MOVE = YES;
				CLANG_WARN_UNGUARDED_AVAILABILITY = YES_AGGRESSIVE;
				CLANG_WARN_UNREACHABLE_CODE = YES;
				CLANG_WARN__DUPLICATE_METHOD_MATCH = YES;
				COPY_PHASE_STRIP = NO;
				DEBUG_INFORMATION_FORMAT = "dwarf-with-dsym";
				ENABLE_NS_ASSERTIONS = NO;
				ENABLE_STRICT_OBJC_MSGSEND = YES;
				GCC_C_LANGUAGE_STANDARD = gnu11;
				GCC_NO_COMMON_BLOCKS = YES;
				GCC_WARN_64_TO_32_BIT_CONVERSION = YES;
				GCC_WARN_ABOUT_RETURN_TYPE = YES_ERROR;
				GCC_WARN_UNDECLARED_SELECTOR = YES;
				GCC_WARN_UNINITIALIZED_AUTOS = YES_AGGRESSIVE;
				GCC_WARN_UNUSED_FUNCTION = YES;
				GCC_WARN_UNUSED_VARIABLE = YES;
				MACOSX_DEPLOYMENT_TARGET = 13.0;
				MTL_ENABLE_DEBUG_INFO = NO;
				MTL_FAST_MATH = YES;
				SDKROOT = macosx;
				SWIFT_COMPILATION_MODE = wholemodule;
				SWIFT_OPTIMIZATION_LEVEL = "-O";
			};
			name = Release;
		};
		F14C59592A373D84000F3D22 /* Debug */ = {
			isa = XCBuildConfiguration;
			buildSettings = {
				ASSETCATALOG_COMPILER_APPICON_NAME = AppIcon;
				ASSETCATALOG_COMPILER_GLOBAL_ACCENT_COLOR_NAME = AccentColor;
				CODE_SIGN_ENTITLEMENTS = mc2/mc2.entitlements;
				"CODE_SIGN_IDENTITY[sdk=macosx*]" = "Apple Development";
				CODE_SIGN_STYLE = Automatic;
				COMBINE_HIDPI_IMAGES = YES;
				CURRENT_PROJECT_VERSION = 1;
				DEVELOPMENT_TEAM = PVB7U9FX9T;
				ENABLE_HARDENED_RUNTIME = YES;
				GENERATE_INFOPLIST_FILE = YES;
				INFOPLIST_KEY_NSHumanReadableCopyright = "";
				INFOPLIST_KEY_NSMainStoryboardFile = Main;
				INFOPLIST_KEY_NSPrincipalClass = NSApplication;
				LD_RUNPATH_SEARCH_PATHS = (
					"$(inherited)",
					"@executable_path/../Frameworks",
				);
				MARKETING_VERSION = 1.0;
				PRODUCT_BUNDLE_IDENTIFIER = apple.mc2;
				PRODUCT_NAME = "$(TARGET_NAME)";
				SWIFT_EMIT_LOC_STRINGS = YES;
				SWIFT_VERSION = 5.0;
			};
			name = Debug;
		};
		F14C595A2A373D84000F3D22 /* Release */ = {
			isa = XCBuildConfiguration;
			buildSettings = {
				ASSETCATALOG_COMPILER_APPICON_NAME = AppIcon;
				ASSETCATALOG_COMPILER_GLOBAL_ACCENT_COLOR_NAME = AccentColor;
				CODE_SIGN_ENTITLEMENTS = mc2/mc2.entitlements;
				"CODE_SIGN_IDENTITY[sdk=macosx*]" = "Apple Development";
				CODE_SIGN_STYLE = Automatic;
				COMBINE_HIDPI_IMAGES = YES;
				CURRENT_PROJECT_VERSION = 1;
				DEVELOPMENT_TEAM = PVB7U9FX9T;
				ENABLE_HARDENED_RUNTIME = YES;
				GENERATE_INFOPLIST_FILE = YES;
				INFOPLIST_KEY_NSHumanReadableCopyright = "";
				INFOPLIST_KEY_NSMainStoryboardFile = Main;
				INFOPLIST_KEY_NSPrincipalClass = NSApplication;
				LD_RUNPATH_SEARCH_PATHS = (
					"$(inherited)",
					"@executable_path/../Frameworks",
				);
				MARKETING_VERSION = 1.0;
				PRODUCT_BUNDLE_IDENTIFIER = apple.mc2;
				PRODUCT_NAME = "$(TARGET_NAME)";
				SWIFT_EMIT_LOC_STRINGS = YES;
				SWIFT_VERSION = 5.0;
			};
			name = Release;
		};
		F14C595C2A373D84000F3D22 /* Debug */ = {
			isa = XCBuildConfiguration;
			buildSettings = {
				ALWAYS_EMBED_SWIFT_STANDARD_LIBRARIES = YES;
				BUNDLE_LOADER = "$(TEST_HOST)";
				CODE_SIGN_STYLE = Automatic;
				CURRENT_PROJECT_VERSION = 1;
				DEVELOPMENT_TEAM = 92RA72FW2S;
				GENERATE_INFOPLIST_FILE = YES;
				MACOSX_DEPLOYMENT_TARGET = 13.0;
				MARKETING_VERSION = 1.0;
				PRODUCT_BUNDLE_IDENTIFIER = apple.mc2Tests;
				PRODUCT_NAME = "$(TARGET_NAME)";
				SWIFT_EMIT_LOC_STRINGS = NO;
				SWIFT_VERSION = 5.0;
				TEST_HOST = "$(BUILT_PRODUCTS_DIR)/mc2.app/$(BUNDLE_EXECUTABLE_FOLDER_PATH)/mc2";
			};
			name = Debug;
		};
		F14C595D2A373D84000F3D22 /* Release */ = {
			isa = XCBuildConfiguration;
			buildSettings = {
				ALWAYS_EMBED_SWIFT_STANDARD_LIBRARIES = YES;
				BUNDLE_LOADER = "$(TEST_HOST)";
				CODE_SIGN_STYLE = Automatic;
				CURRENT_PROJECT_VERSION = 1;
				DEVELOPMENT_TEAM = 92RA72FW2S;
				GENERATE_INFOPLIST_FILE = YES;
				MACOSX_DEPLOYMENT_TARGET = 13.0;
				MARKETING_VERSION = 1.0;
				PRODUCT_BUNDLE_IDENTIFIER = apple.mc2Tests;
				PRODUCT_NAME = "$(TARGET_NAME)";
				SWIFT_EMIT_LOC_STRINGS = NO;
				SWIFT_VERSION = 5.0;
				TEST_HOST = "$(BUILT_PRODUCTS_DIR)/mc2.app/$(BUNDLE_EXECUTABLE_FOLDER_PATH)/mc2";
			};
			name = Release;
		};
		F14C595F2A373D84000F3D22 /* Debug */ = {
			isa = XCBuildConfiguration;
			buildSettings = {
				ALWAYS_EMBED_SWIFT_STANDARD_LIBRARIES = YES;
				CODE_SIGN_STYLE = Automatic;
				CURRENT_PROJECT_VERSION = 1;
				DEVELOPMENT_TEAM = 92RA72FW2S;
				GENERATE_INFOPLIST_FILE = YES;
				MARKETING_VERSION = 1.0;
				PRODUCT_BUNDLE_IDENTIFIER = apple.mc2UITests;
				PRODUCT_NAME = "$(TARGET_NAME)";
				SWIFT_EMIT_LOC_STRINGS = NO;
				SWIFT_VERSION = 5.0;
				TEST_TARGET_NAME = mc2;
			};
			name = Debug;
		};
		F14C59602A373D84000F3D22 /* Release */ = {
			isa = XCBuildConfiguration;
			buildSettings = {
				ALWAYS_EMBED_SWIFT_STANDARD_LIBRARIES = YES;
				CODE_SIGN_STYLE = Automatic;
				CURRENT_PROJECT_VERSION = 1;
				DEVELOPMENT_TEAM = 92RA72FW2S;
				GENERATE_INFOPLIST_FILE = YES;
				MARKETING_VERSION = 1.0;
				PRODUCT_BUNDLE_IDENTIFIER = apple.mc2UITests;
				PRODUCT_NAME = "$(TARGET_NAME)";
				SWIFT_EMIT_LOC_STRINGS = NO;
				SWIFT_VERSION = 5.0;
				TEST_TARGET_NAME = mc2;
			};
			name = Release;
		};
/* End XCBuildConfiguration section */

/* Begin XCConfigurationList section */
		F14C59282A373D83000F3D22 /* Build configuration list for PBXProject "mc2" */ = {
			isa = XCConfigurationList;
			buildConfigurations = (
				F14C59562A373D84000F3D22 /* Debug */,
				F14C59572A373D84000F3D22 /* Release */,
			);
			defaultConfigurationIsVisible = 0;
			defaultConfigurationName = Release;
		};
		F14C59582A373D84000F3D22 /* Build configuration list for PBXNativeTarget "mc2" */ = {
			isa = XCConfigurationList;
			buildConfigurations = (
				F14C59592A373D84000F3D22 /* Debug */,
				F14C595A2A373D84000F3D22 /* Release */,
			);
			defaultConfigurationIsVisible = 0;
			defaultConfigurationName = Release;
		};
		F14C595B2A373D84000F3D22 /* Build configuration list for PBXNativeTarget "mc2Tests" */ = {
			isa = XCConfigurationList;
			buildConfigurations = (
				F14C595C2A373D84000F3D22 /* Debug */,
				F14C595D2A373D84000F3D22 /* Release */,
			);
			defaultConfigurationIsVisible = 0;
			defaultConfigurationName = Release;
		};
		F14C595E2A373D84000F3D22 /* Build configuration list for PBXNativeTarget "mc2UITests" */ = {
			isa = XCConfigurationList;
			buildConfigurations = (
				F14C595F2A373D84000F3D22 /* Debug */,
				F14C59602A373D84000F3D22 /* Release */,
			);
			defaultConfigurationIsVisible = 0;
			defaultConfigurationName = Release;
		};
/* End XCConfigurationList section */
	};
	rootObject = F14C59252A373D83000F3D22 /* Project object */;
}
